
Microsoft Visual Studio Solution File, Format Version 12.00
# Visual Studio Version 16
VisualStudioVersion = 16.0.30621.155
MinimumVisualStudioVersion = 10.0.40219.1
Project("{8BC9CEB8-8B4A-11D0-8D11-00A0C91BC942}") = "Program", "Program\Program.vcxproj", "{C72F5D0E-3A25-461C-AB80-DE98A9F67F83}"
EndProject
Project("{8BC9CEB8-8B4A-11D0-8D11-00A0C91BC942}") = "UnitTest", "UnitTest\UnitTest.vcxproj", "{04BC5349-2FCC-4EC2-A088-07A9ED9842E6}"
EndProject
Global
	GlobalSection(SolutionConfigurationPlatforms) = preSolution
		Debug|x64 = Debug|x64
		Debug|x86 = Debug|x86
		Release|x64 = Release|x64
		Release|x86 = Release|x86
	EndGlobalSection
	GlobalSection(ProjectConfigurationPlatforms) = postSolution
		{C72F5D0E-3A25-461C-AB80-DE98A9F67F83}.Debug|x64.ActiveCfg = Debug|x64
		{C72F5D0E-3A25-461C-AB80-DE98A9F67F83}.Debug|x64.Build.0 = Debug|x64
		{C72F5D0E-3A25-461C-AB80-DE98A9F67F83}.Debug|x86.ActiveCfg = Debug|Win32
		{C72F5D0E-3A25-461C-AB80-DE98A9F67F83}.Debug|x86.Build.0 = Debug|Win32
		{C72F5D0E-3A25-461C-AB80-DE98A9F67F83}.Release|x64.ActiveCfg = Release|x64
		{C72F5D0E-3A25-461C-AB80-DE98A9F67F83}.Release|x64.Build.0 = Release|x64
		{C72F5D0E-3A25-461C-AB80-DE98A9F67F83}.Release|x86.ActiveCfg = Release|Win32
		{C72F5D0E-3A25-461C-AB80-DE98A9F67F83}.Release|x86.Build.0 = Release|Win32
		{04BC5349-2FCC-4EC2-A088-07A9ED9842E6}.Debug|x64.ActiveCfg = Debug|x64
		{04BC5349-2FCC-4EC2-A088-07A9ED9842E6}.Debug|x64.Build.0 = Debug|x64
		{04BC5349-2FCC-4EC2-A088-07A9ED9842E6}.Debug|x86.ActiveCfg = Debug|Win32
		{04BC5349-2FCC-4EC2-A088-07A9ED9842E6}.Debug|x86.Build.0 = Debug|Win32
		{04BC5349-2FCC-4EC2-A088-07A9ED9842E6}.Release|x64.ActiveCfg = Release|x64
		{04BC5349-2FCC-4EC2-A088-07A9ED9842E6}.Release|x64.Build.0 = Release|x64
		{04BC5349-2FCC-4EC2-A088-07A9ED9842E6}.Release|x86.ActiveCfg = Release|Win32
		{04BC5349-2FCC-4EC2-A088-07A9ED9842E6}.Release|x86.Build.0 = Release|Win32
	EndGlobalSection
	GlobalSection(SolutionProperties) = preSolution
		HideSolutionNode = FALSE
	EndGlobalSection
	GlobalSection(ExtensibilityGlobals) = postSolution
		SolutionGuid = {DBBC0BE6-8C8E-418F-97F4-30055179C7C0}
	EndGlobalSection
EndGlobal
